
Microsoft Visual Studio Solution File, Format Version 12.00
# Visual Studio 15
VisualStudioVersion = 15.0.26430.12
MinimumVisualStudioVersion = 10.0.40219.1
Project("{FAE04EC0-301F-11D3-BF4B-00C04F79EFBC}") = "App1.Android", "App1\App1.Android\App1.Android.csproj", "{611B8947-A24C-4665-A9FD-D1138C5C7C8A}"
EndProject
Project("{FAE04EC0-301F-11D3-BF4B-00C04F79EFBC}") = "App1", "App1\App1\App1.csproj", "{D5E7EDC0-4536-4862-86FE-1E0C9D7D90C6}"
EndProject
Project("{FAE04EC0-301F-11D3-BF4B-00C04F79EFBC}") = "App1.iOS", "App1\App1.iOS\App1.iOS.csproj", "{A9BCD530-83B2-496C-B039-FED847F28BB8}"
EndProject
Global
	GlobalSection(SolutionConfigurationPlatforms) = preSolution
		Ad-Hoc|Any CPU = Ad-Hoc|Any CPU
		Ad-Hoc|iPhone = Ad-Hoc|iPhone
		Ad-Hoc|iPhoneSimulator = Ad-Hoc|iPhoneSimulator
		AppStore|Any CPU = AppStore|Any CPU
		AppStore|iPhone = AppStore|iPhone
		AppStore|iPhoneSimulator = AppStore|iPhoneSimulator
		Debug|Any CPU = Debug|Any CPU
		Debug|iPhone = Debug|iPhone
		Debug|iPhoneSimulator = Debug|iPhoneSimulator
		Release|Any CPU = Release|Any CPU
		Release|iPhone = Release|iPhone
		Release|iPhoneSimulator = Release|iPhoneSimulator
	EndGlobalSection
	GlobalSection(ProjectConfigurationPlatforms) = postSolution
		{611B8947-A24C-4665-A9FD-D1138C5C7C8A}.Ad-Hoc|Any CPU.ActiveCfg = Release|Any CPU
		{611B8947-A24C-4665-A9FD-D1138C5C7C8A}.Ad-Hoc|Any CPU.Build.0 = Release|Any CPU
		{611B8947-A24C-4665-A9FD-D1138C5C7C8A}.Ad-Hoc|Any CPU.Deploy.0 = Release|Any CPU
		{611B8947-A24C-4665-A9FD-D1138C5C7C8A}.Ad-Hoc|iPhone.ActiveCfg = Release|Any CPU
		{611B8947-A24C-4665-A9FD-D1138C5C7C8A}.Ad-Hoc|iPhone.Build.0 = Release|Any CPU
		{611B8947-A24C-4665-A9FD-D1138C5C7C8A}.Ad-Hoc|iPhone.Deploy.0 = Release|Any CPU
		{611B8947-A24C-4665-A9FD-D1138C5C7C8A}.Ad-Hoc|iPhoneSimulator.ActiveCfg = Release|Any CPU
		{611B8947-A24C-4665-A9FD-D1138C5C7C8A}.Ad-Hoc|iPhoneSimulator.Build.0 = Release|Any CPU
		{611B8947-A24C-4665-A9FD-D1138C5C7C8A}.Ad-Hoc|iPhoneSimulator.Deploy.0 = Release|Any CPU
		{611B8947-A24C-4665-A9FD-D1138C5C7C8A}.AppStore|Any CPU.ActiveCfg = Release|Any CPU
		{611B8947-A24C-4665-A9FD-D1138C5C7C8A}.AppStore|Any CPU.Build.0 = Release|Any CPU
		{611B8947-A24C-4665-A9FD-D1138C5C7C8A}.AppStore|Any CPU.Deploy.0 = Release|Any CPU
		{611B8947-A24C-4665-A9FD-D1138C5C7C8A}.AppStore|iPhone.ActiveCfg = Release|Any CPU
		{611B8947-A24C-4665-A9FD-D1138C5C7C8A}.AppStore|iPhone.Build.0 = Release|Any CPU
		{611B8947-A24C-4665-A9FD-D1138C5C7C8A}.AppStore|iPhone.Deploy.0 = Release|Any CPU
		{611B8947-A24C-4665-A9FD-D1138C5C7C8A}.AppStore|iPhoneSimulator.ActiveCfg = Release|Any CPU
		{611B8947-A24C-4665-A9FD-D1138C5C7C8A}.AppStore|iPhoneSimulator.Build.0 = Release|Any CPU
		{611B8947-A24C-4665-A9FD-D1138C5C7C8A}.AppStore|iPhoneSimulator.Deploy.0 = Release|Any CPU
		{611B8947-A24C-4665-A9FD-D1138C5C7C8A}.Debug|Any CPU.ActiveCfg = Debug|Any CPU
		{611B8947-A24C-4665-A9FD-D1138C5C7C8A}.Debug|Any CPU.Build.0 = Debug|Any CPU
		{611B8947-A24C-4665-A9FD-D1138C5C7C8A}.Debug|Any CPU.Deploy.0 = Debug|Any CPU
		{611B8947-A24C-4665-A9FD-D1138C5C7C8A}.Debug|iPhone.ActiveCfg = Debug|Any CPU
		{611B8947-A24C-4665-A9FD-D1138C5C7C8A}.Debug|iPhone.Build.0 = Debug|Any CPU
		{611B8947-A24C-4665-A9FD-D1138C5C7C8A}.Debug|iPhone.Deploy.0 = Debug|Any CPU
		{611B8947-A24C-4665-A9FD-D1138C5C7C8A}.Debug|iPhoneSimulator.ActiveCfg = Debug|Any CPU
		{611B8947-A24C-4665-A9FD-D1138C5C7C8A}.Debug|iPhoneSimulator.Build.0 = Debug|Any CPU
		{611B8947-A24C-4665-A9FD-D1138C5C7C8A}.Debug|iPhoneSimulator.Deploy.0 = Debug|Any CPU
		{611B8947-A24C-4665-A9FD-D1138C5C7C8A}.Release|Any CPU.ActiveCfg = Release|Any CPU
		{611B8947-A24C-4665-A9FD-D1138C5C7C8A}.Release|Any CPU.Build.0 = Release|Any CPU
		{611B8947-A24C-4665-A9FD-D1138C5C7C8A}.Release|Any CPU.Deploy.0 = Release|Any CPU
		{611B8947-A24C-4665-A9FD-D1138C5C7C8A}.Release|iPhone.ActiveCfg = Release|Any CPU
		{611B8947-A24C-4665-A9FD-D1138C5C7C8A}.Release|iPhone.Build.0 = Release|Any CPU
		{611B8947-A24C-4665-A9FD-D1138C5C7C8A}.Release|iPhone.Deploy.0 = Release|Any CPU
		{611B8947-A24C-4665-A9FD-D1138C5C7C8A}.Release|iPhoneSimulator.ActiveCfg = Release|Any CPU
		{611B8947-A24C-4665-A9FD-D1138C5C7C8A}.Release|iPhoneSimulator.Build.0 = Release|Any CPU
		{611B8947-A24C-4665-A9FD-D1138C5C7C8A}.Release|iPhoneSimulator.Deploy.0 = Release|Any CPU
		{D5E7EDC0-4536-4862-86FE-1E0C9D7D90C6}.Ad-Hoc|Any CPU.ActiveCfg = Release|Any CPU
		{D5E7EDC0-4536-4862-86FE-1E0C9D7D90C6}.Ad-Hoc|Any CPU.Build.0 = Release|Any CPU
		{D5E7EDC0-4536-4862-86FE-1E0C9D7D90C6}.Ad-Hoc|iPhone.ActiveCfg = Release|Any CPU
		{D5E7EDC0-4536-4862-86FE-1E0C9D7D90C6}.Ad-Hoc|iPhone.Build.0 = Release|Any CPU
		{D5E7EDC0-4536-4862-86FE-1E0C9D7D90C6}.Ad-Hoc|iPhoneSimulator.ActiveCfg = Release|Any CPU
		{D5E7EDC0-4536-4862-86FE-1E0C9D7D90C6}.Ad-Hoc|iPhoneSimulator.Build.0 = Release|Any CPU
		{D5E7EDC0-4536-4862-86FE-1E0C9D7D90C6}.AppStore|Any CPU.ActiveCfg = Release|Any CPU
		{D5E7EDC0-4536-4862-86FE-1E0C9D7D90C6}.AppStore|Any CPU.Build.0 = Release|Any CPU
		{D5E7EDC0-4536-4862-86FE-1E0C9D7D90C6}.AppStore|iPhone.ActiveCfg = Release|Any CPU
		{D5E7EDC0-4536-4862-86FE-1E0C9D7D90C6}.AppStore|iPhone.Build.0 = Release|Any CPU
		{D5E7EDC0-4536-4862-86FE-1E0C9D7D90C6}.AppStore|iPhoneSimulator.ActiveCfg = Release|Any CPU
		{D5E7EDC0-4536-4862-86FE-1E0C9D7D90C6}.AppStore|iPhoneSimulator.Build.0 = Release|Any CPU
		{D5E7EDC0-4536-4862-86FE-1E0C9D7D90C6}.Debug|Any CPU.ActiveCfg = Debug|Any CPU
		{D5E7EDC0-4536-4862-86FE-1E0C9D7D90C6}.Debug|Any CPU.Build.0 = Debug|Any CPU
		{D5E7EDC0-4536-4862-86FE-1E0C9D7D90C6}.Debug|iPhone.ActiveCfg = Debug|Any CPU
		{D5E7EDC0-4536-4862-86FE-1E0C9D7D90C6}.Debug|iPhone.Build.0 = Debug|Any CPU
		{D5E7EDC0-4536-4862-86FE-1E0C9D7D90C6}.Debug|iPhoneSimulator.ActiveCfg = Debug|Any CPU
		{D5E7EDC0-4536-4862-86FE-1E0C9D7D90C6}.Debug|iPhoneSimulator.Build.0 = Debug|Any CPU
		{D5E7EDC0-4536-4862-86FE-1E0C9D7D90C6}.Release|Any CPU.ActiveCfg = Release|Any CPU
		{D5E7EDC0-4536-4862-86FE-1E0C9D7D90C6}.Release|Any CPU.Build.0 = Release|Any CPU
		{D5E7EDC0-4536-4862-86FE-1E0C9D7D90C6}.Release|iPhone.ActiveCfg = Release|Any CPU
		{D5E7EDC0-4536-4862-86FE-1E0C9D7D90C6}.Release|iPhone.Build.0 = Release|Any CPU
		{D5E7EDC0-4536-4862-86FE-1E0C9D7D90C6}.Release|iPhoneSimulator.ActiveCfg = Release|Any CPU
		{D5E7EDC0-4536-4862-86FE-1E0C9D7D90C6}.Release|iPhoneSimulator.Build.0 = Release|Any CPU
		{A9BCD530-83B2-496C-B039-FED847F28BB8}.Ad-Hoc|Any CPU.ActiveCfg = Ad-Hoc|iPhone
		{A9BCD530-83B2-496C-B039-FED847F28BB8}.Ad-Hoc|iPhone.ActiveCfg = Ad-Hoc|iPhone
		{A9BCD530-83B2-496C-B039-FED847F28BB8}.Ad-Hoc|iPhone.Build.0 = Ad-Hoc|iPhone
		{A9BCD530-83B2-496C-B039-FED847F28BB8}.Ad-Hoc|iPhoneSimulator.ActiveCfg = Ad-Hoc|iPhoneSimulator
		{A9BCD530-83B2-496C-B039-FED847F28BB8}.Ad-Hoc|iPhoneSimulator.Build.0 = Ad-Hoc|iPhoneSimulator
		{A9BCD530-83B2-496C-B039-FED847F28BB8}.AppStore|Any CPU.ActiveCfg = AppStore|iPhone
		{A9BCD530-83B2-496C-B039-FED847F28BB8}.AppStore|iPhone.ActiveCfg = AppStore|iPhone
		{A9BCD530-83B2-496C-B039-FED847F28BB8}.AppStore|iPhone.Build.0 = AppStore|iPhone
		{A9BCD530-83B2-496C-B039-FED847F28BB8}.AppStore|iPhoneSimulator.ActiveCfg = AppStore|iPhoneSimulator
		{A9BCD530-83B2-496C-B039-FED847F28BB8}.AppStore|iPhoneSimulator.Build.0 = AppStore|iPhoneSimulator
		{A9BCD530-83B2-496C-B039-FED847F28BB8}.Debug|Any CPU.ActiveCfg = Debug|iPhone
		{A9BCD530-83B2-496C-B039-FED847F28BB8}.Debug|iPhone.ActiveCfg = Debug|iPhone
		{A9BCD530-83B2-496C-B039-FED847F28BB8}.Debug|iPhone.Build.0 = Debug|iPhone
		{A9BCD530-83B2-496C-B039-FED847F28BB8}.Debug|iPhoneSimulator.ActiveCfg = Debug|iPhoneSimulator
		{A9BCD530-83B2-496C-B039-FED847F28BB8}.Debug|iPhoneSimulator.Build.0 = Debug|iPhoneSimulator
		{A9BCD530-83B2-496C-B039-FED847F28BB8}.Release|Any CPU.ActiveCfg = Release|iPhone
		{A9BCD530-83B2-496C-B039-FED847F28BB8}.Release|iPhone.ActiveCfg = Release|iPhone
		{A9BCD530-83B2-496C-B039-FED847F28BB8}.Release|iPhone.Build.0 = Release|iPhone
		{A9BCD530-83B2-496C-B039-FED847F28BB8}.Release|iPhoneSimulator.ActiveCfg = Release|iPhoneSimulator
		{A9BCD530-83B2-496C-B039-FED847F28BB8}.Release|iPhoneSimulator.Build.0 = Release|iPhoneSimulator
	EndGlobalSection
	GlobalSection(SolutionProperties) = preSolution
		HideSolutionNode = FALSE
	EndGlobalSection
EndGlobal
